
Microsoft Visual Studio Solution File, Format Version 12.00
# Visual Studio Version 17
VisualStudioVersion = 17.9.34728.123
MinimumVisualStudioVersion = 10.0.40219.1
Project("{FAE04EC0-301F-11D3-BF4B-00C04F79EFBC}") = "QueteRoutage", "QueteRoutage\QueteRoutage.csproj", "{5840568A-599F-446A-8F6B-7246D9AE30F9}"
EndProject
Global
	GlobalSection(SolutionConfigurationPlatforms) = preSolution
		Debug|Any CPU = Debug|Any CPU
		Release|Any CPU = Release|Any CPU
	EndGlobalSection
	GlobalSection(ProjectConfigurationPlatforms) = postSolution
		{5840568A-599F-446A-8F6B-7246D9AE30F9}.Debug|Any CPU.ActiveCfg = Debug|Any CPU
		{5840568A-599F-446A-8F6B-7246D9AE30F9}.Debug|Any CPU.Build.0 = Debug|Any CPU
		{5840568A-599F-446A-8F6B-7246D9AE30F9}.Release|Any CPU.ActiveCfg = Release|Any CPU
		{5840568A-599F-446A-8F6B-7246D9AE30F9}.Release|Any CPU.Build.0 = Release|Any CPU
	EndGlobalSection
	GlobalSection(SolutionProperties) = preSolution
		HideSolutionNode = FALSE
	EndGlobalSection
	GlobalSection(ExtensibilityGlobals) = postSolution
		SolutionGuid = {63E9B313-91B7-46E0-B2C9-E8573C47F935}
	EndGlobalSection
EndGlobal
